{
  "name": "freediumcli",
  "version": "1.0.0",
  "lockfileVersion": 3,
  "requires": true,
  "packages": {
    "": {
      "name": "freediumcli",
      "version": "1.0.0",
      "license": "MIT",
      "dependencies": {
        "freediumcli": "^1.0.0"
      },
      "bin": {
        "freedium": "bin/freedium.js"
      },
      "engines": {
        "node": ">=18.0.0"
      }
    },
    "node_modules/freediumcli": {
      "version": "1.0.0",
      "resolved": "https://registry.npmjs.org/freediumcli/-/freediumcli-1.0.0.tgz",
      "integrity": "sha512-0RHzDwSR1e+A5wm8VMmc9fss/TmP9KzAg7+zvubBOJruSZkhZDCjIOD3/SIvv0G6Styc49x+FzGhek95onMkyA==",
      "license": "MIT",
      "bin": {
        "freedium": "bin/freedium.js"
      },
      "engines": {
        "node": ">=18.0.0"
      }
    }
  }
}
