{
  "name": "freediumcli",
  "version": "1.0.0",
  "lockfileVersion": 3,
  "requires": true,
  "packages": {
    "": {
      "name": "freediumcli",
      "version": "1.0.0",
      "license": "MIT",
      "bin": {
        "freedium": "bin/freedium.js"
      },
      "engines": {
        "node": ">=18.0.0"
      }
    }
  }
}
